
Microsoft Visual Studio Solution File, Format Version 12.00
# Visual Studio Version 16
VisualStudioVersion = 16.0.29306.81
MinimumVisualStudioVersion = 10.0.40219.1
Project("{FAE04EC0-301F-11D3-BF4B-00C04F79EFBC}") = "Logger", "Logger\Logger.csproj", "{CFF12D7A-46A5-477F-8C7D-1F08284290E3}"
EndProject
Project("{2150E333-8FDC-42A3-9474-1A3956D46DE8}") = "Build", "Build", "{2A7B298C-9D94-4AAC-9DBC-B9E586DC0135}"
	ProjectSection(SolutionItems) = preProject
		.gitignore = .gitignore
		gulpfile.js = gulpfile.js
		nuget.config = nuget.config
		package.json = package.json
		README.md = README.md
		ReleaseNotes.md = ReleaseNotes.md
	EndProjectSection
EndProject
Project("{FAE04EC0-301F-11D3-BF4B-00C04F79EFBC}") = "Logger.Tests", "Logger.Tests\Logger.Tests.csproj", "{A3C685DB-5FC0-42DB-BD7D-03BF8CF67094}"
EndProject
Global
	GlobalSection(SolutionConfigurationPlatforms) = preSolution
		Debug|Any CPU = Debug|Any CPU
		Release|Any CPU = Release|Any CPU
	EndGlobalSection
	GlobalSection(ProjectConfigurationPlatforms) = postSolution
		{CFF12D7A-46A5-477F-8C7D-1F08284290E3}.Debug|Any CPU.ActiveCfg = Debug|Any CPU
		{CFF12D7A-46A5-477F-8C7D-1F08284290E3}.Debug|Any CPU.Build.0 = Debug|Any CPU
		{CFF12D7A-46A5-477F-8C7D-1F08284290E3}.Release|Any CPU.ActiveCfg = Release|Any CPU
		{CFF12D7A-46A5-477F-8C7D-1F08284290E3}.Release|Any CPU.Build.0 = Release|Any CPU
		{A3C685DB-5FC0-42DB-BD7D-03BF8CF67094}.Debug|Any CPU.ActiveCfg = Debug|Any CPU
		{A3C685DB-5FC0-42DB-BD7D-03BF8CF67094}.Debug|Any CPU.Build.0 = Debug|Any CPU
		{A3C685DB-5FC0-42DB-BD7D-03BF8CF67094}.Release|Any CPU.ActiveCfg = Release|Any CPU
		{A3C685DB-5FC0-42DB-BD7D-03BF8CF67094}.Release|Any CPU.Build.0 = Release|Any CPU
	EndGlobalSection
	GlobalSection(SolutionProperties) = preSolution
		HideSolutionNode = FALSE
	EndGlobalSection
	GlobalSection(ExtensibilityGlobals) = postSolution
		SolutionGuid = {7ED4FD28-3696-4E80-8A1B-7C74376BBE8F}
	EndGlobalSection
EndGlobal
